
Microsoft Visual Studio Solution File, Format Version 12.00
# Visual Studio Version 17
VisualStudioVersion = 17.4.33213.308
MinimumVisualStudioVersion = 10.0.40219.1
Project("{FAE04EC0-301F-11D3-BF4B-00C04F79EFBC}") = "EntryControl.API", "EntryControl\EntryControl.API.csproj", "{2AE39940-DE63-4FA6-AC40-FE6FBE583BD8}"
EndProject
Project("{FAE04EC0-301F-11D3-BF4B-00C04F79EFBC}") = "EntryControl.Shared", "EntryControl.Shared\EntryControl.Shared.csproj", "{20EE0B18-F98E-457E-B595-36E70B038ABD}"
EndProject
Global
	GlobalSection(SolutionConfigurationPlatforms) = preSolution
		Debug|Any CPU = Debug|Any CPU
		Release|Any CPU = Release|Any CPU
	EndGlobalSection
	GlobalSection(ProjectConfigurationPlatforms) = postSolution
		{2AE39940-DE63-4FA6-AC40-FE6FBE583BD8}.Debug|Any CPU.ActiveCfg = Debug|Any CPU
		{2AE39940-DE63-4FA6-AC40-FE6FBE583BD8}.Debug|Any CPU.Build.0 = Debug|Any CPU
		{2AE39940-DE63-4FA6-AC40-FE6FBE583BD8}.Release|Any CPU.ActiveCfg = Release|Any CPU
		{2AE39940-DE63-4FA6-AC40-FE6FBE583BD8}.Release|Any CPU.Build.0 = Release|Any CPU
		{20EE0B18-F98E-457E-B595-36E70B038ABD}.Debug|Any CPU.ActiveCfg = Debug|Any CPU
		{20EE0B18-F98E-457E-B595-36E70B038ABD}.Debug|Any CPU.Build.0 = Debug|Any CPU
		{20EE0B18-F98E-457E-B595-36E70B038ABD}.Release|Any CPU.ActiveCfg = Release|Any CPU
		{20EE0B18-F98E-457E-B595-36E70B038ABD}.Release|Any CPU.Build.0 = Release|Any CPU
	EndGlobalSection
	GlobalSection(SolutionProperties) = preSolution
		HideSolutionNode = FALSE
	EndGlobalSection
	GlobalSection(ExtensibilityGlobals) = postSolution
		SolutionGuid = {2F6384BB-7693-4963-A53A-55A2F61BC93E}
	EndGlobalSection
EndGlobal
